
Microsoft Visual Studio Solution File, Format Version 12.00
# Visual Studio Version 16
VisualStudioVersion = 16.0.29926.136
MinimumVisualStudioVersion = 10.0.40219.1
Project("{FAE04EC0-301F-11D3-BF4B-00C04F79EFBC}") = "NETCoreAssemblyLoad", "NETCoreAssemblyLoad.csproj", "{D31559D8-DB6B-4984-9395-5FC34FDAA665}"
EndProject
Global
	GlobalSection(SolutionConfigurationPlatforms) = preSolution
		Debug|Any CPU = Debug|Any CPU
		Release|Any CPU = Release|Any CPU
	EndGlobalSection
	GlobalSection(ProjectConfigurationPlatforms) = postSolution
		{D31559D8-DB6B-4984-9395-5FC34FDAA665}.Debug|Any CPU.ActiveCfg = Debug|Any CPU
		{D31559D8-DB6B-4984-9395-5FC34FDAA665}.Debug|Any CPU.Build.0 = Debug|Any CPU
		{D31559D8-DB6B-4984-9395-5FC34FDAA665}.Release|Any CPU.ActiveCfg = Release|Any CPU
		{D31559D8-DB6B-4984-9395-5FC34FDAA665}.Release|Any CPU.Build.0 = Release|Any CPU
	EndGlobalSection
	GlobalSection(SolutionProperties) = preSolution
		HideSolutionNode = FALSE
	EndGlobalSection
	GlobalSection(ExtensibilityGlobals) = postSolution
		SolutionGuid = {A6A3E39C-5920-4B2E-8598-B54CF22C6423}
	EndGlobalSection
EndGlobal
